
Microsoft Visual Studio Solution File, Format Version 12.00
# Visual Studio Version 16
VisualStudioVersion = 16.0.29326.143
MinimumVisualStudioVersion = 10.0.40219.1
Project("{FAE04EC0-301F-11D3-BF4B-00C04F79EFBC}") = "FireWorksWebsite", "thistimeitwillworkforsure\FireWorksWebsite.csproj", "{15DAB582-94E0-4D48-BE5C-B6DB563537CA}"
EndProject
Project("{00D1A9C2-B5F0-4AF3-8072-F6C62B433612}") = "Database", "Database\Database.sqlproj", "{B3E05A74-2A60-4EDC-A2F2-E3E0AB585768}"
EndProject
Global
	GlobalSection(SolutionConfigurationPlatforms) = preSolution
		Debug|Any CPU = Debug|Any CPU
		Release|Any CPU = Release|Any CPU
	EndGlobalSection
	GlobalSection(ProjectConfigurationPlatforms) = postSolution
		{15DAB582-94E0-4D48-BE5C-B6DB563537CA}.Debug|Any CPU.ActiveCfg = Debug|Any CPU
		{15DAB582-94E0-4D48-BE5C-B6DB563537CA}.Debug|Any CPU.Build.0 = Debug|Any CPU
		{15DAB582-94E0-4D48-BE5C-B6DB563537CA}.Release|Any CPU.ActiveCfg = Release|Any CPU
		{15DAB582-94E0-4D48-BE5C-B6DB563537CA}.Release|Any CPU.Build.0 = Release|Any CPU
		{B3E05A74-2A60-4EDC-A2F2-E3E0AB585768}.Debug|Any CPU.ActiveCfg = Debug|Any CPU
		{B3E05A74-2A60-4EDC-A2F2-E3E0AB585768}.Debug|Any CPU.Build.0 = Debug|Any CPU
		{B3E05A74-2A60-4EDC-A2F2-E3E0AB585768}.Debug|Any CPU.Deploy.0 = Debug|Any CPU
		{B3E05A74-2A60-4EDC-A2F2-E3E0AB585768}.Release|Any CPU.ActiveCfg = Release|Any CPU
		{B3E05A74-2A60-4EDC-A2F2-E3E0AB585768}.Release|Any CPU.Build.0 = Release|Any CPU
		{B3E05A74-2A60-4EDC-A2F2-E3E0AB585768}.Release|Any CPU.Deploy.0 = Release|Any CPU
	EndGlobalSection
	GlobalSection(SolutionProperties) = preSolution
		HideSolutionNode = FALSE
	EndGlobalSection
	GlobalSection(ExtensibilityGlobals) = postSolution
		SolutionGuid = {442CABD6-BA23-4AA8-BCCE-3A014B113FC5}
	EndGlobalSection
EndGlobal
