
Microsoft Visual Studio Solution File, Format Version 12.00
# Visual Studio Version 16
VisualStudioVersion = 16.0.29326.143
MinimumVisualStudioVersion = 10.0.40219.1
Project("{FAE04EC0-301F-11D3-BF4B-00C04F79EFBC}") = "FireWorksWebsite", "thistimeitwillworkforsure\FireWorksWebsite.csproj", "{15DAB582-94E0-4D48-BE5C-B6DB563537CA}"
EndProject
Project("{FAE04EC0-301F-11D3-BF4B-00C04F79EFBC}") = "Deployer", "ClassLibrary1\Deployer.csproj", "{1E861F7E-AB4A-49A0-8C7E-F00CB8D8C240}"
EndProject
Project("{9A19103F-16F7-4668-BE54-9A1E7A4F7556}") = "DLL-Tester", "DLL-Tester\DLL-Tester.csproj", "{FF52DC18-10C4-4AE3-8FAD-88B6633B04AF}"
EndProject
Project("{FAE04EC0-301F-11D3-BF4B-00C04F79EFBC}") = "TestTests", "TestTests\TestTests.csproj", "{3E28A147-3159-4488-BB96-22DB5336C89A}"
EndProject
Global
	GlobalSection(SolutionConfigurationPlatforms) = preSolution
		Debug|Any CPU = Debug|Any CPU
		Release|Any CPU = Release|Any CPU
	EndGlobalSection
	GlobalSection(ProjectConfigurationPlatforms) = postSolution
		{15DAB582-94E0-4D48-BE5C-B6DB563537CA}.Debug|Any CPU.ActiveCfg = Debug|Any CPU
		{15DAB582-94E0-4D48-BE5C-B6DB563537CA}.Debug|Any CPU.Build.0 = Debug|Any CPU
		{15DAB582-94E0-4D48-BE5C-B6DB563537CA}.Release|Any CPU.ActiveCfg = Release|Any CPU
		{15DAB582-94E0-4D48-BE5C-B6DB563537CA}.Release|Any CPU.Build.0 = Release|Any CPU
		{1E861F7E-AB4A-49A0-8C7E-F00CB8D8C240}.Debug|Any CPU.ActiveCfg = Debug|Any CPU
		{1E861F7E-AB4A-49A0-8C7E-F00CB8D8C240}.Debug|Any CPU.Build.0 = Debug|Any CPU
		{1E861F7E-AB4A-49A0-8C7E-F00CB8D8C240}.Release|Any CPU.ActiveCfg = Release|Any CPU
		{1E861F7E-AB4A-49A0-8C7E-F00CB8D8C240}.Release|Any CPU.Build.0 = Release|Any CPU
		{FF52DC18-10C4-4AE3-8FAD-88B6633B04AF}.Debug|Any CPU.ActiveCfg = Debug|Any CPU
		{FF52DC18-10C4-4AE3-8FAD-88B6633B04AF}.Debug|Any CPU.Build.0 = Debug|Any CPU
		{FF52DC18-10C4-4AE3-8FAD-88B6633B04AF}.Release|Any CPU.ActiveCfg = Release|Any CPU
		{FF52DC18-10C4-4AE3-8FAD-88B6633B04AF}.Release|Any CPU.Build.0 = Release|Any CPU
		{3E28A147-3159-4488-BB96-22DB5336C89A}.Debug|Any CPU.ActiveCfg = Debug|Any CPU
		{3E28A147-3159-4488-BB96-22DB5336C89A}.Debug|Any CPU.Build.0 = Debug|Any CPU
		{3E28A147-3159-4488-BB96-22DB5336C89A}.Release|Any CPU.ActiveCfg = Release|Any CPU
		{3E28A147-3159-4488-BB96-22DB5336C89A}.Release|Any CPU.Build.0 = Release|Any CPU
	EndGlobalSection
	GlobalSection(SolutionProperties) = preSolution
		HideSolutionNode = FALSE
	EndGlobalSection
	GlobalSection(ExtensibilityGlobals) = postSolution
		SolutionGuid = {442CABD6-BA23-4AA8-BCCE-3A014B113FC5}
	EndGlobalSection
EndGlobal
